
Microsoft Visual Studio Solution File, Format Version 12.00
# Visual Studio Version 16
VisualStudioVersion = 16.0.28803.156
MinimumVisualStudioVersion = 10.0.40219.1
Project("{9A19103F-16F7-4668-BE54-9A1E7A4F7556}") = "ValueObject", "ValueObject\ValueObject.csproj", "{97FBD1FE-A259-4F95-B23C-7591AEF856A4}"
EndProject
Project("{9A19103F-16F7-4668-BE54-9A1E7A4F7556}") = "ValueObject.Test", "ValueObject.Test\ValueObject.Test.csproj", "{267C5985-3464-4B36-9C0E-43E299A322D4}"
EndProject
Project("{9A19103F-16F7-4668-BE54-9A1E7A4F7556}") = "ImmutableObject", "ImmutableObject\ImmutableObject.csproj", "{BBF4287A-2EDC-4D47-A562-74A3E96D8D96}"
EndProject
Project("{9A19103F-16F7-4668-BE54-9A1E7A4F7556}") = "KindOf", "KindOf\KindOf.csproj", "{DE7E6E83-8341-411F-BFEB-74777749848A}"
EndProject
Project("{9A19103F-16F7-4668-BE54-9A1E7A4F7556}") = "KindOf.Test", "KindOf.Test\KindOf.Test.csproj", "{80D8437B-74A9-41F8-9C0A-BFB563D22BE5}"
EndProject
Project("{FAE04EC0-301F-11D3-BF4B-00C04F79EFBC}") = "Example", "Example\Example.csproj", "{682D5F5C-4419-47D8-BD58-57406E42A357}"
EndProject
Global
	GlobalSection(SolutionConfigurationPlatforms) = preSolution
		Debug|Any CPU = Debug|Any CPU
		Release|Any CPU = Release|Any CPU
	EndGlobalSection
	GlobalSection(ProjectConfigurationPlatforms) = postSolution
		{97FBD1FE-A259-4F95-B23C-7591AEF856A4}.Debug|Any CPU.ActiveCfg = Debug|Any CPU
		{97FBD1FE-A259-4F95-B23C-7591AEF856A4}.Debug|Any CPU.Build.0 = Debug|Any CPU
		{97FBD1FE-A259-4F95-B23C-7591AEF856A4}.Release|Any CPU.ActiveCfg = Release|Any CPU
		{97FBD1FE-A259-4F95-B23C-7591AEF856A4}.Release|Any CPU.Build.0 = Release|Any CPU
		{267C5985-3464-4B36-9C0E-43E299A322D4}.Debug|Any CPU.ActiveCfg = Debug|Any CPU
		{267C5985-3464-4B36-9C0E-43E299A322D4}.Debug|Any CPU.Build.0 = Debug|Any CPU
		{267C5985-3464-4B36-9C0E-43E299A322D4}.Release|Any CPU.ActiveCfg = Release|Any CPU
		{267C5985-3464-4B36-9C0E-43E299A322D4}.Release|Any CPU.Build.0 = Release|Any CPU
		{BBF4287A-2EDC-4D47-A562-74A3E96D8D96}.Debug|Any CPU.ActiveCfg = Debug|Any CPU
		{BBF4287A-2EDC-4D47-A562-74A3E96D8D96}.Debug|Any CPU.Build.0 = Debug|Any CPU
		{BBF4287A-2EDC-4D47-A562-74A3E96D8D96}.Release|Any CPU.ActiveCfg = Release|Any CPU
		{BBF4287A-2EDC-4D47-A562-74A3E96D8D96}.Release|Any CPU.Build.0 = Release|Any CPU
		{DE7E6E83-8341-411F-BFEB-74777749848A}.Debug|Any CPU.ActiveCfg = Debug|Any CPU
		{DE7E6E83-8341-411F-BFEB-74777749848A}.Debug|Any CPU.Build.0 = Debug|Any CPU
		{DE7E6E83-8341-411F-BFEB-74777749848A}.Release|Any CPU.ActiveCfg = Release|Any CPU
		{DE7E6E83-8341-411F-BFEB-74777749848A}.Release|Any CPU.Build.0 = Release|Any CPU
		{80D8437B-74A9-41F8-9C0A-BFB563D22BE5}.Debug|Any CPU.ActiveCfg = Debug|Any CPU
		{80D8437B-74A9-41F8-9C0A-BFB563D22BE5}.Debug|Any CPU.Build.0 = Debug|Any CPU
		{80D8437B-74A9-41F8-9C0A-BFB563D22BE5}.Release|Any CPU.ActiveCfg = Release|Any CPU
		{80D8437B-74A9-41F8-9C0A-BFB563D22BE5}.Release|Any CPU.Build.0 = Release|Any CPU
		{682D5F5C-4419-47D8-BD58-57406E42A357}.Debug|Any CPU.ActiveCfg = Debug|Any CPU
		{682D5F5C-4419-47D8-BD58-57406E42A357}.Debug|Any CPU.Build.0 = Debug|Any CPU
		{682D5F5C-4419-47D8-BD58-57406E42A357}.Release|Any CPU.ActiveCfg = Release|Any CPU
		{682D5F5C-4419-47D8-BD58-57406E42A357}.Release|Any CPU.Build.0 = Release|Any CPU
	EndGlobalSection
	GlobalSection(SolutionProperties) = preSolution
		HideSolutionNode = FALSE
	EndGlobalSection
	GlobalSection(ExtensibilityGlobals) = postSolution
		SolutionGuid = {914137D5-BE08-4113-978C-CE7587780A91}
	EndGlobalSection
EndGlobal
